// !$*UTF8*$!
{
	archiveVersion = 1;
	classes = {
	};
	objectVersion = 56;
	objects = {

/* Begin PBXBuildFile section */
		682C99312B2A9D7100F74C67 /* llmfarm_testApp.swift in Sources */ = {isa = PBXBuildFile; fileRef = 682C99302B2A9D7100F74C67 /* llmfarm_testApp.swift */; };
		682C99332B2A9D7100F74C67 /* ContentView.swift in Sources */ = {isa = PBXBuildFile; fileRef = 682C99322B2A9D7100F74C67 /* ContentView.swift */; };
		682C99352B2A9D7200F74C67 /* Assets.xcassets in Resources */ = {isa = PBXBuildFile; fileRef = 682C99342B2A9D7200F74C67 /* Assets.xcassets */; };
		682C99382B2A9D7200F74C67 /* Preview Assets.xcassets in Resources */ = {isa = PBXBuildFile; fileRef = 682C99372B2A9D7200F74C67 /* Preview Assets.xcassets */; };
		682C99422B2A9D7200F74C67 /* llmfarm_testTests.swift in Sources */ = {isa = PBXBuildFile; fileRef = 682C99412B2A9D7200F74C67 /* llmfarm_testTests.swift */; };
		682C994C2B2A9D7200F74C67 /* llmfarm_testUITests.swift in Sources */ = {isa = PBXBuildFile; fileRef = 682C994B2B2A9D7200F74C67 /* llmfarm_testUITests.swift */; };
		682C994E2B2A9D7200F74C67 /* llmfarm_testUITestsLaunchTests.swift in Sources */ = {isa = PBXBuildFile; fileRef = 682C994D2B2A9D7200F74C67 /* llmfarm_testUITestsLaunchTests.swift */; };
		682C99662B2AA29900F74C67 /* llama-2-7b.Q4_K_M.gguf in Resources */ = {isa = PBXBuildFile; fileRef = 682C99652B2AA29900F74C67 /* llama-2-7b.Q4_K_M.gguf */; };
		682C99672B2AA2ED00F74C67 /* llama-2-7b.Q4_K_M.gguf in Resources */ = {isa = PBXBuildFile; fileRef = 682C99652B2AA29900F74C67 /* llama-2-7b.Q4_K_M.gguf */; };
		682C99712B2AA93A00F74C67 /* llmfarm_core in Frameworks */ = {isa = PBXBuildFile; productRef = 682C99702B2AA93A00F74C67 /* llmfarm_core */; };
		682C99802B2B3B5000F74C67 /* mistral-7b-instruct-v0.1.Q4_K_M.gguf in Resources */ = {isa = PBXBuildFile; fileRef = 682C997F2B2B3B4F00F74C67 /* mistral-7b-instruct-v0.1.Q4_K_M.gguf */; };
/* End PBXBuildFile section */

/* Begin PBXContainerItemProxy section */
		682C993E2B2A9D7200F74C67 /* PBXContainerItemProxy */ = {
			isa = PBXContainerItemProxy;
			containerPortal = 682C99252B2A9D7100F74C67 /* Project object */;
			proxyType = 1;
			remoteGlobalIDString = 682C992C2B2A9D7100F74C67;
			remoteInfo = llmfarm_test;
		};
		682C99482B2A9D7200F74C67 /* PBXContainerItemProxy */ = {
			isa = PBXContainerItemProxy;
			containerPortal = 682C99252B2A9D7100F74C67 /* Project object */;
			proxyType = 1;
			remoteGlobalIDString = 682C992C2B2A9D7100F74C67;
			remoteInfo = llmfarm_test;
		};
/* End PBXContainerItemProxy section */

/* Begin PBXFileReference section */
		682C992D2B2A9D7100F74C67 /* llmfarm_test.app */ = {isa = PBXFileReference; explicitFileType = wrapper.application; includeInIndex = 0; path = llmfarm_test.app; sourceTree = BUILT_PRODUCTS_DIR; };
		682C99302B2A9D7100F74C67 /* llmfarm_testApp.swift */ = {isa = PBXFileReference; lastKnownFileType = sourcecode.swift; path = llmfarm_testApp.swift; sourceTree = "<group>"; };
		682C99322B2A9D7100F74C67 /* ContentView.swift */ = {isa = PBXFileReference; lastKnownFileType = sourcecode.swift; path = ContentView.swift; sourceTree = "<group>"; };
		682C99342B2A9D7200F74C67 /* Assets.xcassets */ = {isa = PBXFileReference; lastKnownFileType = folder.assetcatalog; path = Assets.xcassets; sourceTree = "<group>"; };
		682C99372B2A9D7200F74C67 /* Preview Assets.xcassets */ = {isa = PBXFileReference; lastKnownFileType = folder.assetcatalog; path = "Preview Assets.xcassets"; sourceTree = "<group>"; };
		682C993D2B2A9D7200F74C67 /* llmfarm_testTests.xctest */ = {isa = PBXFileReference; explicitFileType = wrapper.cfbundle; includeInIndex = 0; path = llmfarm_testTests.xctest; sourceTree = BUILT_PRODUCTS_DIR; };
		682C99412B2A9D7200F74C67 /* llmfarm_testTests.swift */ = {isa = PBXFileReference; lastKnownFileType = sourcecode.swift; path = llmfarm_testTests.swift; sourceTree = "<group>"; };
		682C99472B2A9D7200F74C67 /* llmfarm_testUITests.xctest */ = {isa = PBXFileReference; explicitFileType = wrapper.cfbundle; includeInIndex = 0; path = llmfarm_testUITests.xctest; sourceTree = BUILT_PRODUCTS_DIR; };
		682C994B2B2A9D7200F74C67 /* llmfarm_testUITests.swift */ = {isa = PBXFileReference; lastKnownFileType = sourcecode.swift; path = llmfarm_testUITests.swift; sourceTree = "<group>"; };
		682C994D2B2A9D7200F74C67 /* llmfarm_testUITestsLaunchTests.swift */ = {isa = PBXFileReference; lastKnownFileType = sourcecode.swift; path = llmfarm_testUITestsLaunchTests.swift; sourceTree = "<group>"; };
		682C995F2B2AA25300F74C67 /* llama-2-7b.Q4_K_M.gguf */ = {isa = PBXFileReference; lastKnownFileType = file; path = "llama-2-7b.Q4_K_M.gguf"; sourceTree = "<group>"; };
		682C99652B2AA29900F74C67 /* llama-2-7b.Q4_K_M.gguf */ = {isa = PBXFileReference; lastKnownFileType = file; name = "llama-2-7b.Q4_K_M.gguf"; path = "../../LLMs/llama-2-7b.Q4_K_M.gguf"; sourceTree = "<group>"; };
		682C99722B2AAB8100F74C67 /* llmfarm_core.swift */ = {isa = PBXFileReference; lastKnownFileType = wrapper; name = llmfarm_core.swift; path = ../llmfarm_core.swift; sourceTree = "<group>"; };
		682C997F2B2B3B4F00F74C67 /* mistral-7b-instruct-v0.1.Q4_K_M.gguf */ = {isa = PBXFileReference; lastKnownFileType = file; path = "mistral-7b-instruct-v0.1.Q4_K_M.gguf"; sourceTree = "<group>"; };
/* End PBXFileReference section */

/* Begin PBXFrameworksBuildPhase section */
		682C992A2B2A9D7100F74C67 /* Frameworks */ = {
			isa = PBXFrameworksBuildPhase;
			buildActionMask = 2147483647;
			files = (
				682C99712B2AA93A00F74C67 /* llmfarm_core in Frameworks */,
			);
			runOnlyForDeploymentPostprocessing = 0;
		};
		682C993A2B2A9D7200F74C67 /* Frameworks */ = {
			isa = PBXFrameworksBuildPhase;
			buildActionMask = 2147483647;
			files = (
			);
			runOnlyForDeploymentPostprocessing = 0;
		};
		682C99442B2A9D7200F74C67 /* Frameworks */ = {
			isa = PBXFrameworksBuildPhase;
			buildActionMask = 2147483647;
			files = (
			);
			runOnlyForDeploymentPostprocessing = 0;
		};
/* End PBXFrameworksBuildPhase section */

/* Begin PBXGroup section */
		682C99242B2A9D7100F74C67 = {
			isa = PBXGroup;
			children = (
				682C995D2B2AA07500F74C67 /* Packages */,
				682C992F2B2A9D7100F74C67 /* llmfarm_test */,
				682C99402B2A9D7200F74C67 /* llmfarm_testTests */,
				682C994A2B2A9D7200F74C67 /* llmfarm_testUITests */,
				682C992E2B2A9D7100F74C67 /* Products */,
			);
			sourceTree = "<group>";
		};
		682C992E2B2A9D7100F74C67 /* Products */ = {
			isa = PBXGroup;
			children = (
				682C992D2B2A9D7100F74C67 /* llmfarm_test.app */,
				682C993D2B2A9D7200F74C67 /* llmfarm_testTests.xctest */,
				682C99472B2A9D7200F74C67 /* llmfarm_testUITests.xctest */,
			);
			name = Products;
			sourceTree = "<group>";
		};
		682C992F2B2A9D7100F74C67 /* llmfarm_test */ = {
			isa = PBXGroup;
			children = (
				682C997F2B2B3B4F00F74C67 /* mistral-7b-instruct-v0.1.Q4_K_M.gguf */,
				682C99652B2AA29900F74C67 /* llama-2-7b.Q4_K_M.gguf */,
				682C99302B2A9D7100F74C67 /* llmfarm_testApp.swift */,
				682C99322B2A9D7100F74C67 /* ContentView.swift */,
				682C99342B2A9D7200F74C67 /* Assets.xcassets */,
				682C995F2B2AA25300F74C67 /* llama-2-7b.Q4_K_M.gguf */,
				682C99362B2A9D7200F74C67 /* Preview Content */,
			);
			path = llmfarm_test;
			sourceTree = "<group>";
		};
		682C99362B2A9D7200F74C67 /* Preview Content */ = {
			isa = PBXGroup;
			children = (
				682C99372B2A9D7200F74C67 /* Preview Assets.xcassets */,
			);
			path = "Preview Content";
			sourceTree = "<group>";
		};
		682C99402B2A9D7200F74C67 /* llmfarm_testTests */ = {
			isa = PBXGroup;
			children = (
				682C99412B2A9D7200F74C67 /* llmfarm_testTests.swift */,
			);
			path = llmfarm_testTests;
			sourceTree = "<group>";
		};
		682C994A2B2A9D7200F74C67 /* llmfarm_testUITests */ = {
			isa = PBXGroup;
			children = (
				682C994B2B2A9D7200F74C67 /* llmfarm_testUITests.swift */,
				682C994D2B2A9D7200F74C67 /* llmfarm_testUITestsLaunchTests.swift */,
			);
			path = llmfarm_testUITests;
			sourceTree = "<group>";
		};
		682C995D2B2AA07500F74C67 /* Packages */ = {
			isa = PBXGroup;
			children = (
				682C99722B2AAB8100F74C67 /* llmfarm_core.swift */,
			);
			name = Packages;
			sourceTree = "<group>";
		};
/* End PBXGroup section */

/* Begin PBXNativeTarget section */
		682C992C2B2A9D7100F74C67 /* llmfarm_test */ = {
			isa = PBXNativeTarget;
			buildConfigurationList = 682C99512B2A9D7200F74C67 /* Build configuration list for PBXNativeTarget "llmfarm_test" */;
			buildPhases = (
				682C99292B2A9D7100F74C67 /* Sources */,
				682C992A2B2A9D7100F74C67 /* Frameworks */,
				682C992B2B2A9D7100F74C67 /* Resources */,
			);
			buildRules = (
			);
			dependencies = (
			);
			name = llmfarm_test;
			packageProductDependencies = (
				682C99702B2AA93A00F74C67 /* llmfarm_core */,
			);
			productName = llmfarm_test;
			productReference = 682C992D2B2A9D7100F74C67 /* llmfarm_test.app */;
			productType = "com.apple.product-type.application";
		};
		682C993C2B2A9D7200F74C67 /* llmfarm_testTests */ = {
			isa = PBXNativeTarget;
			buildConfigurationList = 682C99542B2A9D7200F74C67 /* Build configuration list for PBXNativeTarget "llmfarm_testTests" */;
			buildPhases = (
				682C99392B2A9D7200F74C67 /* Sources */,
				682C993A2B2A9D7200F74C67 /* Frameworks */,
				682C993B2B2A9D7200F74C67 /* Resources */,
			);
			buildRules = (
			);
			dependencies = (
				682C993F2B2A9D7200F74C67 /* PBXTargetDependency */,
			);
			name = llmfarm_testTests;
			productName = llmfarm_testTests;
			productReference = 682C993D2B2A9D7200F74C67 /* llmfarm_testTests.xctest */;
			productType = "com.apple.product-type.bundle.unit-test";
		};
		682C99462B2A9D7200F74C67 /* llmfarm_testUITests */ = {
			isa = PBXNativeTarget;
			buildConfigurationList = 682C99572B2A9D7200F74C67 /* Build configuration list for PBXNativeTarget "llmfarm_testUITests" */;
			buildPhases = (
				682C99432B2A9D7200F74C67 /* Sources */,
				682C99442B2A9D7200F74C67 /* Frameworks */,
				682C99452B2A9D7200F74C67 /* Resources */,
			);
			buildRules = (
			);
			dependencies = (
				682C99492B2A9D7200F74C67 /* PBXTargetDependency */,
			);
			name = llmfarm_testUITests;
			productName = llmfarm_testUITests;
			productReference = 682C99472B2A9D7200F74C67 /* llmfarm_testUITests.xctest */;
			productType = "com.apple.product-type.bundle.ui-testing";
		};
/* End PBXNativeTarget section */

/* Begin PBXProject section */
		682C99252B2A9D7100F74C67 /* Project object */ = {
			isa = PBXProject;
			attributes = {
				BuildIndependentTargetsInParallel = 1;
				LastSwiftUpdateCheck = 1430;
				LastUpgradeCheck = 1430;
				TargetAttributes = {
					682C992C2B2A9D7100F74C67 = {
						CreatedOnToolsVersion = 14.3.1;
					};
					682C993C2B2A9D7200F74C67 = {
						CreatedOnToolsVersion = 14.3.1;
						TestTargetID = 682C992C2B2A9D7100F74C67;
					};
					682C99462B2A9D7200F74C67 = {
						CreatedOnToolsVersion = 14.3.1;
						TestTargetID = 682C992C2B2A9D7100F74C67;
					};
				};
			};
			buildConfigurationList = 682C99282B2A9D7100F74C67 /* Build configuration list for PBXProject "llmfarm_test" */;
			compatibilityVersion = "Xcode 14.0";
			developmentRegion = en;
			hasScannedForEncodings = 0;
			knownRegions = (
				en,
				Base,
			);
			mainGroup = 682C99242B2A9D7100F74C67;
			packageReferences = (
				682C996F2B2AA93A00F74C67 /* XCRemoteSwiftPackageReference "llmfarm_core" */,
			);
			productRefGroup = 682C992E2B2A9D7100F74C67 /* Products */;
			projectDirPath = "";
			projectRoot = "";
			targets = (
				682C992C2B2A9D7100F74C67 /* llmfarm_test */,
				682C993C2B2A9D7200F74C67 /* llmfarm_testTests */,
				682C99462B2A9D7200F74C67 /* llmfarm_testUITests */,
			);
		};
/* End PBXProject section */

/* Begin PBXResourcesBuildPhase section */
		682C992B2B2A9D7100F74C67 /* Resources */ = {
			isa = PBXResourcesBuildPhase;
			buildActionMask = 2147483647;
			files = (
				682C99382B2A9D7200F74C67 /* Preview Assets.xcassets in Resources */,
				682C99802B2B3B5000F74C67 /* mistral-7b-instruct-v0.1.Q4_K_M.gguf in Resources */,
				682C99352B2A9D7200F74C67 /* Assets.xcassets in Resources */,
				682C99662B2AA29900F74C67 /* llama-2-7b.Q4_K_M.gguf in Resources */,
			);
			runOnlyForDeploymentPostprocessing = 0;
		};
		682C993B2B2A9D7200F74C67 /* Resources */ = {
			isa = PBXResourcesBuildPhase;
			buildActionMask = 2147483647;
			files = (
				682C99672B2AA2ED00F74C67 /* llama-2-7b.Q4_K_M.gguf in Resources */,
			);
			runOnlyForDeploymentPostprocessing = 0;
		};
		682C99452B2A9D7200F74C67 /* Resources */ = {
			isa = PBXResourcesBuildPhase;
			buildActionMask = 2147483647;
			files = (
			);
			runOnlyForDeploymentPostprocessing = 0;
		};
/* End PBXResourcesBuildPhase section */

/* Begin PBXSourcesBuildPhase section */
		682C99292B2A9D7100F74C67 /* Sources */ = {
			isa = PBXSourcesBuildPhase;
			buildActionMask = 2147483647;
			files = (
				682C99332B2A9D7100F74C67 /* ContentView.swift in Sources */,
				682C99312B2A9D7100F74C67 /* llmfarm_testApp.swift in Sources */,
			);
			runOnlyForDeploymentPostprocessing = 0;
		};
		682C99392B2A9D7200F74C67 /* Sources */ = {
			isa = PBXSourcesBuildPhase;
			buildActionMask = 2147483647;
			files = (
				682C99422B2A9D7200F74C67 /* llmfarm_testTests.swift in Sources */,
			);
			runOnlyForDeploymentPostprocessing = 0;
		};
		682C99432B2A9D7200F74C67 /* Sources */ = {
			isa = PBXSourcesBuildPhase;
			buildActionMask = 2147483647;
			files = (
				682C994E2B2A9D7200F74C67 /* llmfarm_testUITestsLaunchTests.swift in Sources */,
				682C994C2B2A9D7200F74C67 /* llmfarm_testUITests.swift in Sources */,
			);
			runOnlyForDeploymentPostprocessing = 0;
		};
/* End PBXSourcesBuildPhase section */

/* Begin PBXTargetDependency section */
		682C993F2B2A9D7200F74C67 /* PBXTargetDependency */ = {
			isa = PBXTargetDependency;
			target = 682C992C2B2A9D7100F74C67 /* llmfarm_test */;
			targetProxy = 682C993E2B2A9D7200F74C67 /* PBXContainerItemProxy */;
		};
		682C99492B2A9D7200F74C67 /* PBXTargetDependency */ = {
			isa = PBXTargetDependency;
			target = 682C992C2B2A9D7100F74C67 /* llmfarm_test */;
			targetProxy = 682C99482B2A9D7200F74C67 /* PBXContainerItemProxy */;
		};
/* End PBXTargetDependency section */

/* Begin XCBuildConfiguration section */
		682C994F2B2A9D7200F74C67 /* Debug */ = {
			isa = XCBuildConfiguration;
			buildSettings = {
				ALWAYS_SEARCH_USER_PATHS = NO;
				CLANG_ANALYZER_NONNULL = YES;
				CLANG_ANALYZER_NUMBER_OBJECT_CONVERSION = YES_AGGRESSIVE;
				CLANG_CXX_LANGUAGE_STANDARD = "gnu++20";
				CLANG_ENABLE_MODULES = YES;
				CLANG_ENABLE_OBJC_ARC = YES;
				CLANG_ENABLE_OBJC_WEAK = YES;
				CLANG_WARN_BLOCK_CAPTURE_AUTORELEASING = YES;
				CLANG_WARN_BOOL_CONVERSION = YES;
				CLANG_WARN_COMMA = YES;
				CLANG_WARN_CONSTANT_CONVERSION = YES;
				CLANG_WARN_DEPRECATED_OBJC_IMPLEMENTATIONS = YES;
				CLANG_WARN_DIRECT_OBJC_ISA_USAGE = YES_ERROR;
				CLANG_WARN_DOCUMENTATION_COMMENTS = YES;
				CLANG_WARN_EMPTY_BODY = YES;
				CLANG_WARN_ENUM_CONVERSION = YES;
				CLANG_WARN_INFINITE_RECURSION = YES;
				CLANG_WARN_INT_CONVERSION = YES;
				CLANG_WARN_NON_LITERAL_NULL_CONVERSION = YES;
				CLANG_WARN_OBJC_IMPLICIT_RETAIN_SELF = YES;
				CLANG_WARN_OBJC_LITERAL_CONVERSION = YES;
				CLANG_WARN_OBJC_ROOT_CLASS = YES_ERROR;
				CLANG_WARN_QUOTED_INCLUDE_IN_FRAMEWORK_HEADER = YES;
				CLANG_WARN_RANGE_LOOP_ANALYSIS = YES;
				CLANG_WARN_STRICT_PROTOTYPES = YES;
				CLANG_WARN_SUSPICIOUS_MOVE = YES;
				CLANG_WARN_UNGUARDED_AVAILABILITY = YES_AGGRESSIVE;
				CLANG_WARN_UNREACHABLE_CODE = YES;
				CLANG_WARN__DUPLICATE_METHOD_MATCH = YES;
				COPY_PHASE_STRIP = NO;
				DEBUG_INFORMATION_FORMAT = dwarf;
				ENABLE_STRICT_OBJC_MSGSEND = YES;
				ENABLE_TESTABILITY = YES;
				GCC_C_LANGUAGE_STANDARD = gnu11;
				GCC_DYNAMIC_NO_PIC = NO;
				GCC_NO_COMMON_BLOCKS = YES;
				GCC_OPTIMIZATION_LEVEL = 0;
				GCC_PREPROCESSOR_DEFINITIONS = (
					"DEBUG=1",
					"$(inherited)",
				);
				GCC_WARN_64_TO_32_BIT_CONVERSION = YES;
				GCC_WARN_ABOUT_RETURN_TYPE = YES_ERROR;
				GCC_WARN_UNDECLARED_SELECTOR = YES;
				GCC_WARN_UNINITIALIZED_AUTOS = YES_AGGRESSIVE;
				GCC_WARN_UNUSED_FUNCTION = YES;
				GCC_WARN_UNUSED_VARIABLE = YES;
				IPHONEOS_DEPLOYMENT_TARGET = 16.4;
				MTL_ENABLE_DEBUG_INFO = INCLUDE_SOURCE;
				MTL_FAST_MATH = YES;
				ONLY_ACTIVE_ARCH = YES;
				SDKROOT = iphoneos;
				SWIFT_ACTIVE_COMPILATION_CONDITIONS = DEBUG;
				SWIFT_OPTIMIZATION_LEVEL = "-Onone";
			};
			name = Debug;
		};
		682C99502B2A9D7200F74C67 /* Release */ = {
			isa = XCBuildConfiguration;
			buildSettings = {
				ALWAYS_SEARCH_USER_PATHS = NO;
				CLANG_ANALYZER_NONNULL = YES;
				CLANG_ANALYZER_NUMBER_OBJECT_CONVERSION = YES_AGGRESSIVE;
				CLANG_CXX_LANGUAGE_STANDARD = "gnu++20";
				CLANG_ENABLE_MODULES = YES;
				CLANG_ENABLE_OBJC_ARC = YES;
				CLANG_ENABLE_OBJC_WEAK = YES;
				CLANG_WARN_BLOCK_CAPTURE_AUTORELEASING = YES;
				CLANG_WARN_BOOL_CONVERSION = YES;
				CLANG_WARN_COMMA = YES;
				CLANG_WARN_CONSTANT_CONVERSION = YES;
				CLANG_WARN_DEPRECATED_OBJC_IMPLEMENTATIONS = YES;
				CLANG_WARN_DIRECT_OBJC_ISA_USAGE = YES_ERROR;
				CLANG_WARN_DOCUMENTATION_COMMENTS = YES;
				CLANG_WARN_EMPTY_BODY = YES;
				CLANG_WARN_ENUM_CONVERSION = YES;
				CLANG_WARN_INFINITE_RECURSION = YES;
				CLANG_WARN_INT_CONVERSION = YES;
				CLANG_WARN_NON_LITERAL_NULL_CONVERSION = YES;
				CLANG_WARN_OBJC_IMPLICIT_RETAIN_SELF = YES;
				CLANG_WARN_OBJC_LITERAL_CONVERSION = YES;
				CLANG_WARN_OBJC_ROOT_CLASS = YES_ERROR;
				CLANG_WARN_QUOTED_INCLUDE_IN_FRAMEWORK_HEADER = YES;
				CLANG_WARN_RANGE_LOOP_ANALYSIS = YES;
				CLANG_WARN_STRICT_PROTOTYPES = YES;
				CLANG_WARN_SUSPICIOUS_MOVE = YES;
				CLANG_WARN_UNGUARDED_AVAILABILITY = YES_AGGRESSIVE;
				CLANG_WARN_UNREACHABLE_CODE = YES;
				CLANG_WARN__DUPLICATE_METHOD_MATCH = YES;
				COPY_PHASE_STRIP = NO;
				DEBUG_INFORMATION_FORMAT = "dwarf-with-dsym";
				ENABLE_NS_ASSERTIONS = NO;
				ENABLE_STRICT_OBJC_MSGSEND = YES;
				GCC_C_LANGUAGE_STANDARD = gnu11;
				GCC_NO_COMMON_BLOCKS = YES;
				GCC_WARN_64_TO_32_BIT_CONVERSION = YES;
				GCC_WARN_ABOUT_RETURN_TYPE = YES_ERROR;
				GCC_WARN_UNDECLARED_SELECTOR = YES;
				GCC_WARN_UNINITIALIZED_AUTOS = YES_AGGRESSIVE;
				GCC_WARN_UNUSED_FUNCTION = YES;
				GCC_WARN_UNUSED_VARIABLE = YES;
				IPHONEOS_DEPLOYMENT_TARGET = 16.4;
				MTL_ENABLE_DEBUG_INFO = NO;
				MTL_FAST_MATH = YES;
				SDKROOT = iphoneos;
				SWIFT_COMPILATION_MODE = wholemodule;
				SWIFT_OPTIMIZATION_LEVEL = "-O";
				VALIDATE_PRODUCT = YES;
			};
			name = Release;
		};
		682C99522B2A9D7200F74C67 /* Debug */ = {
			isa = XCBuildConfiguration;
			buildSettings = {
				ASSETCATALOG_COMPILER_APPICON_NAME = AppIcon;
				ASSETCATALOG_COMPILER_GLOBAL_ACCENT_COLOR_NAME = AccentColor;
				CODE_SIGN_STYLE = Automatic;
				CURRENT_PROJECT_VERSION = 1;
				DEVELOPMENT_ASSET_PATHS = "\"llmfarm_test/Preview Content\"";
				DEVELOPMENT_TEAM = H77QMQGMMH;
				ENABLE_PREVIEWS = YES;
				GENERATE_INFOPLIST_FILE = YES;
				INFOPLIST_KEY_UIApplicationSceneManifest_Generation = YES;
				INFOPLIST_KEY_UIApplicationSupportsIndirectInputEvents = YES;
				INFOPLIST_KEY_UILaunchScreen_Generation = YES;
				INFOPLIST_KEY_UISupportedInterfaceOrientations_iPad = "UIInterfaceOrientationPortrait UIInterfaceOrientationPortraitUpsideDown UIInterfaceOrientationLandscapeLeft UIInterfaceOrientationLandscapeRight";
				INFOPLIST_KEY_UISupportedInterfaceOrientations_iPhone = "UIInterfaceOrientationPortrait UIInterfaceOrientationLandscapeLeft UIInterfaceOrientationLandscapeRight";
				IPHONEOS_DEPLOYMENT_TARGET = 15.0;
				LD_RUNPATH_SEARCH_PATHS = (
					"$(inherited)",
					"@executable_path/Frameworks",
				);
				MARKETING_VERSION = 1.0;
				PRODUCT_BUNDLE_IDENTIFIER = "eotles.llmfarm-test";
				PRODUCT_NAME = "$(TARGET_NAME)";
				SWIFT_EMIT_LOC_STRINGS = YES;
				SWIFT_VERSION = 5.0;
				TARGETED_DEVICE_FAMILY = "1,2";
			};
			name = Debug;
		};
		682C99532B2A9D7200F74C67 /* Release */ = {
			isa = XCBuildConfiguration;
			buildSettings = {
				ASSETCATALOG_COMPILER_APPICON_NAME = AppIcon;
				ASSETCATALOG_COMPILER_GLOBAL_ACCENT_COLOR_NAME = AccentColor;
				CODE_SIGN_STYLE = Automatic;
				CURRENT_PROJECT_VERSION = 1;
				DEVELOPMENT_ASSET_PATHS = "\"llmfarm_test/Preview Content\"";
				DEVELOPMENT_TEAM = H77QMQGMMH;
				ENABLE_PREVIEWS = YES;
				GENERATE_INFOPLIST_FILE = YES;
				INFOPLIST_KEY_UIApplicationSceneManifest_Generation = YES;
				INFOPLIST_KEY_UIApplicationSupportsIndirectInputEvents = YES;
				INFOPLIST_KEY_UILaunchScreen_Generation = YES;
				INFOPLIST_KEY_UISupportedInterfaceOrientations_iPad = "UIInterfaceOrientationPortrait UIInterfaceOrientationPortraitUpsideDown UIInterfaceOrientationLandscapeLeft UIInterfaceOrientationLandscapeRight";
				INFOPLIST_KEY_UISupportedInterfaceOrientations_iPhone = "UIInterfaceOrientationPortrait UIInterfaceOrientationLandscapeLeft UIInterfaceOrientationLandscapeRight";
				IPHONEOS_DEPLOYMENT_TARGET = 15.0;
				LD_RUNPATH_SEARCH_PATHS = (
					"$(inherited)",
					"@executable_path/Frameworks",
				);
				MARKETING_VERSION = 1.0;
				PRODUCT_BUNDLE_IDENTIFIER = "eotles.llmfarm-test";
				PRODUCT_NAME = "$(TARGET_NAME)";
				SWIFT_EMIT_LOC_STRINGS = YES;
				SWIFT_VERSION = 5.0;
				TARGETED_DEVICE_FAMILY = "1,2";
			};
			name = Release;
		};
		682C99552B2A9D7200F74C67 /* Debug */ = {
			isa = XCBuildConfiguration;
			buildSettings = {
				ALWAYS_EMBED_SWIFT_STANDARD_LIBRARIES = YES;
				BUNDLE_LOADER = "$(TEST_HOST)";
				CODE_SIGN_STYLE = Automatic;
				CURRENT_PROJECT_VERSION = 1;
				DEVELOPMENT_TEAM = H77QMQGMMH;
				GENERATE_INFOPLIST_FILE = YES;
				IPHONEOS_DEPLOYMENT_TARGET = 16.4;
				MARKETING_VERSION = 1.0;
				PRODUCT_BUNDLE_IDENTIFIER = "eotles.llmfarm-testTests";
				PRODUCT_NAME = "$(TARGET_NAME)";
				SWIFT_EMIT_LOC_STRINGS = NO;
				SWIFT_VERSION = 5.0;
				TARGETED_DEVICE_FAMILY = "1,2";
				TEST_HOST = "$(BUILT_PRODUCTS_DIR)/llmfarm_test.app/$(BUNDLE_EXECUTABLE_FOLDER_PATH)/llmfarm_test";
			};
			name = Debug;
		};
		682C99562B2A9D7200F74C67 /* Release */ = {
			isa = XCBuildConfiguration;
			buildSettings = {
				ALWAYS_EMBED_SWIFT_STANDARD_LIBRARIES = YES;
				BUNDLE_LOADER = "$(TEST_HOST)";
				CODE_SIGN_STYLE = Automatic;
				CURRENT_PROJECT_VERSION = 1;
				DEVELOPMENT_TEAM = H77QMQGMMH;
				GENERATE_INFOPLIST_FILE = YES;
				IPHONEOS_DEPLOYMENT_TARGET = 16.4;
				MARKETING_VERSION = 1.0;
				PRODUCT_BUNDLE_IDENTIFIER = "eotles.llmfarm-testTests";
				PRODUCT_NAME = "$(TARGET_NAME)";
				SWIFT_EMIT_LOC_STRINGS = NO;
				SWIFT_VERSION = 5.0;
				TARGETED_DEVICE_FAMILY = "1,2";
				TEST_HOST = "$(BUILT_PRODUCTS_DIR)/llmfarm_test.app/$(BUNDLE_EXECUTABLE_FOLDER_PATH)/llmfarm_test";
			};
			name = Release;
		};
		682C99582B2A9D7200F74C67 /* Debug */ = {
			isa = XCBuildConfiguration;
			buildSettings = {
				ALWAYS_EMBED_SWIFT_STANDARD_LIBRARIES = YES;
				CODE_SIGN_STYLE = Automatic;
				CURRENT_PROJECT_VERSION = 1;
				DEVELOPMENT_TEAM = H77QMQGMMH;
				GENERATE_INFOPLIST_FILE = YES;
				MARKETING_VERSION = 1.0;
				PRODUCT_BUNDLE_IDENTIFIER = "eotles.llmfarm-testUITests";
				PRODUCT_NAME = "$(TARGET_NAME)";
				SWIFT_EMIT_LOC_STRINGS = NO;
				SWIFT_VERSION = 5.0;
				TARGETED_DEVICE_FAMILY = "1,2";
				TEST_TARGET_NAME = llmfarm_test;
			};
			name = Debug;
		};
		682C99592B2A9D7200F74C67 /* Release */ = {
			isa = XCBuildConfiguration;
			buildSettings = {
				ALWAYS_EMBED_SWIFT_STANDARD_LIBRARIES = YES;
				CODE_SIGN_STYLE = Automatic;
				CURRENT_PROJECT_VERSION = 1;
				DEVELOPMENT_TEAM = H77QMQGMMH;
				GENERATE_INFOPLIST_FILE = YES;
				MARKETING_VERSION = 1.0;
				PRODUCT_BUNDLE_IDENTIFIER = "eotles.llmfarm-testUITests";
				PRODUCT_NAME = "$(TARGET_NAME)";
				SWIFT_EMIT_LOC_STRINGS = NO;
				SWIFT_VERSION = 5.0;
				TARGETED_DEVICE_FAMILY = "1,2";
				TEST_TARGET_NAME = llmfarm_test;
			};
			name = Release;
		};
/* End XCBuildConfiguration section */

/* Begin XCConfigurationList section */
		682C99282B2A9D7100F74C67 /* Build configuration list for PBXProject "llmfarm_test" */ = {
			isa = XCConfigurationList;
			buildConfigurations = (
				682C994F2B2A9D7200F74C67 /* Debug */,
				682C99502B2A9D7200F74C67 /* Release */,
			);
			defaultConfigurationIsVisible = 0;
			defaultConfigurationName = Release;
		};
		682C99512B2A9D7200F74C67 /* Build configuration list for PBXNativeTarget "llmfarm_test" */ = {
			isa = XCConfigurationList;
			buildConfigurations = (
				682C99522B2A9D7200F74C67 /* Debug */,
				682C99532B2A9D7200F74C67 /* Release */,
			);
			defaultConfigurationIsVisible = 0;
			defaultConfigurationName = Release;
		};
		682C99542B2A9D7200F74C67 /* Build configuration list for PBXNativeTarget "llmfarm_testTests" */ = {
			isa = XCConfigurationList;
			buildConfigurations = (
				682C99552B2A9D7200F74C67 /* Debug */,
				682C99562B2A9D7200F74C67 /* Release */,
			);
			defaultConfigurationIsVisible = 0;
			defaultConfigurationName = Release;
		};
		682C99572B2A9D7200F74C67 /* Build configuration list for PBXNativeTarget "llmfarm_testUITests" */ = {
			isa = XCConfigurationList;
			buildConfigurations = (
				682C99582B2A9D7200F74C67 /* Debug */,
				682C99592B2A9D7200F74C67 /* Release */,
			);
			defaultConfigurationIsVisible = 0;
			defaultConfigurationName = Release;
		};
/* End XCConfigurationList section */

/* Begin XCRemoteSwiftPackageReference section */
		682C996F2B2AA93A00F74C67 /* XCRemoteSwiftPackageReference "llmfarm_core" */ = {
			isa = XCRemoteSwiftPackageReference;
			repositoryURL = "https://github.com/guinmoon/llmfarm_core.swift";
			requirement = {
				kind = upToNextMajorVersion;
				minimumVersion = 0.7.5;
			};
		};
/* End XCRemoteSwiftPackageReference section */

/* Begin XCSwiftPackageProductDependency section */
		682C99702B2AA93A00F74C67 /* llmfarm_core */ = {
			isa = XCSwiftPackageProductDependency;
			package = 682C996F2B2AA93A00F74C67 /* XCRemoteSwiftPackageReference "llmfarm_core" */;
			productName = llmfarm_core;
		};
/* End XCSwiftPackageProductDependency section */
	};
	rootObject = 682C99252B2A9D7100F74C67 /* Project object */;
}
